
Microsoft Visual Studio Solution File, Format Version 12.00
# Visual Studio Version 17
VisualStudioVersion = 17.14.36616.10
MinimumVisualStudioVersion = 10.0.40219.1
Project("{FAE04EC0-301F-11D3-BF4B-00C04F79EFBC}") = "Stage0", "Stage0\Stage0.csproj", "{B4F74DD9-8A80-47A6-AF0F-E75C6D43327C}"
EndProject
Project("{2150E333-8FDC-42A3-9474-1A3956D46DE8}") = "Solution Items", "Solution Items", "{8EC462FD-D22E-90A8-E5CE-7E832BA40C5D}"
	ProjectSection(SolutionItems) = preProject
		README.md = README.md
	EndProjectSection
EndProject
Project("{FAE04EC0-301F-11D3-BF4B-00C04F79EFBC}") = "DalFacade", "DalFacade\DalFacade.csproj", "{E423C47C-A4CD-467C-A418-7EF7D992189D}"
EndProject
Project("{FAE04EC0-301F-11D3-BF4B-00C04F79EFBC}") = "DalList", "DalList\DalList.csproj", "{335859B3-15B4-4D3D-9254-D72CC795C42D}"
EndProject
Project("{FAE04EC0-301F-11D3-BF4B-00C04F79EFBC}") = "DalTest", "DalTest\DalTest.csproj", "{9E0BA49D-EA91-4CB2-8495-2BB542E8CE52}"
EndProject
Project("{2150E333-8FDC-42A3-9474-1A3956D46DE8}") = "xml", "xml", "{02EA681E-C7D8-13C7-8484-4AC65E1B71E8}"
	ProjectSection(SolutionItems) = preProject
		xml\couriers.xml = xml\couriers.xml
		xml\dal-config.xml = xml\dal-config.xml
		xml\data-config.xml = xml\data-config.xml
		xml\deliverys.xml = xml\deliverys.xml
		xml\orders.xml = xml\orders.xml
	EndProjectSection
EndProject
Project("{FAE04EC0-301F-11D3-BF4B-00C04F79EFBC}") = "DalXml", "DalXml\DalXml.csproj", "{5ACAC4C8-4196-495C-AC44-089EA3080C12}"
EndProject
Project("{FAE04EC0-301F-11D3-BF4B-00C04F79EFBC}") = "BL", "BL\BL.csproj", "{E9F003B1-F66D-4CCA-878A-894D52A92012}"
EndProject
Project("{FAE04EC0-301F-11D3-BF4B-00C04F79EFBC}") = "BlTest", "BlTest\BlTest.csproj", "{6223F5D4-C533-43A0-A0B6-488255E39F46}"
EndProject
Project("{FAE04EC0-301F-11D3-BF4B-00C04F79EFBC}") = "PL", "PL\PL.csproj", "{3E1DDB2D-F50D-4303-8DA3-B1298D564AC8}"
EndProject
Global
	GlobalSection(SolutionConfigurationPlatforms) = preSolution
		Debug|Any CPU = Debug|Any CPU
		Release|Any CPU = Release|Any CPU
	EndGlobalSection
	GlobalSection(ProjectConfigurationPlatforms) = postSolution
		{B4F74DD9-8A80-47A6-AF0F-E75C6D43327C}.Debug|Any CPU.ActiveCfg = Debug|Any CPU
		{B4F74DD9-8A80-47A6-AF0F-E75C6D43327C}.Debug|Any CPU.Build.0 = Debug|Any CPU
		{B4F74DD9-8A80-47A6-AF0F-E75C6D43327C}.Release|Any CPU.ActiveCfg = Release|Any CPU
		{B4F74DD9-8A80-47A6-AF0F-E75C6D43327C}.Release|Any CPU.Build.0 = Release|Any CPU
		{E423C47C-A4CD-467C-A418-7EF7D992189D}.Debug|Any CPU.ActiveCfg = Debug|Any CPU
		{E423C47C-A4CD-467C-A418-7EF7D992189D}.Debug|Any CPU.Build.0 = Debug|Any CPU
		{E423C47C-A4CD-467C-A418-7EF7D992189D}.Release|Any CPU.ActiveCfg = Release|Any CPU
		{E423C47C-A4CD-467C-A418-7EF7D992189D}.Release|Any CPU.Build.0 = Release|Any CPU
		{335859B3-15B4-4D3D-9254-D72CC795C42D}.Debug|Any CPU.ActiveCfg = Debug|Any CPU
		{335859B3-15B4-4D3D-9254-D72CC795C42D}.Debug|Any CPU.Build.0 = Debug|Any CPU
		{335859B3-15B4-4D3D-9254-D72CC795C42D}.Release|Any CPU.ActiveCfg = Release|Any CPU
		{335859B3-15B4-4D3D-9254-D72CC795C42D}.Release|Any CPU.Build.0 = Release|Any CPU
		{9E0BA49D-EA91-4CB2-8495-2BB542E8CE52}.Debug|Any CPU.ActiveCfg = Debug|Any CPU
		{9E0BA49D-EA91-4CB2-8495-2BB542E8CE52}.Debug|Any CPU.Build.0 = Debug|Any CPU
		{9E0BA49D-EA91-4CB2-8495-2BB542E8CE52}.Release|Any CPU.ActiveCfg = Release|Any CPU
		{9E0BA49D-EA91-4CB2-8495-2BB542E8CE52}.Release|Any CPU.Build.0 = Release|Any CPU
		{5ACAC4C8-4196-495C-AC44-089EA3080C12}.Debug|Any CPU.ActiveCfg = Debug|Any CPU
		{5ACAC4C8-4196-495C-AC44-089EA3080C12}.Debug|Any CPU.Build.0 = Debug|Any CPU
		{5ACAC4C8-4196-495C-AC44-089EA3080C12}.Release|Any CPU.ActiveCfg = Release|Any CPU
		{5ACAC4C8-4196-495C-AC44-089EA3080C12}.Release|Any CPU.Build.0 = Release|Any CPU
		{E9F003B1-F66D-4CCA-878A-894D52A92012}.Debug|Any CPU.ActiveCfg = Debug|Any CPU
		{E9F003B1-F66D-4CCA-878A-894D52A92012}.Debug|Any CPU.Build.0 = Debug|Any CPU
		{E9F003B1-F66D-4CCA-878A-894D52A92012}.Release|Any CPU.ActiveCfg = Release|Any CPU
		{E9F003B1-F66D-4CCA-878A-894D52A92012}.Release|Any CPU.Build.0 = Release|Any CPU
		{6223F5D4-C533-43A0-A0B6-488255E39F46}.Debug|Any CPU.ActiveCfg = Debug|Any CPU
		{6223F5D4-C533-43A0-A0B6-488255E39F46}.Debug|Any CPU.Build.0 = Debug|Any CPU
		{6223F5D4-C533-43A0-A0B6-488255E39F46}.Release|Any CPU.ActiveCfg = Release|Any CPU
		{6223F5D4-C533-43A0-A0B6-488255E39F46}.Release|Any CPU.Build.0 = Release|Any CPU
		{3E1DDB2D-F50D-4303-8DA3-B1298D564AC8}.Debug|Any CPU.ActiveCfg = Debug|Any CPU
		{3E1DDB2D-F50D-4303-8DA3-B1298D564AC8}.Debug|Any CPU.Build.0 = Debug|Any CPU
		{3E1DDB2D-F50D-4303-8DA3-B1298D564AC8}.Release|Any CPU.ActiveCfg = Release|Any CPU
		{3E1DDB2D-F50D-4303-8DA3-B1298D564AC8}.Release|Any CPU.Build.0 = Release|Any CPU
	EndGlobalSection
	GlobalSection(SolutionProperties) = preSolution
		HideSolutionNode = FALSE
	EndGlobalSection
	GlobalSection(ExtensibilityGlobals) = postSolution
		SolutionGuid = {C91DD69D-59B7-48FF-9609-286908964CEE}
	EndGlobalSection
EndGlobal
